
Microsoft Visual Studio Solution File, Format Version 12.00
# Visual Studio Version 17
VisualStudioVersion = 17.5.33103.201
MinimumVisualStudioVersion = 10.0.40219.1
Project("{9A19103F-16F7-4668-BE54-9A1E7A4F7556}") = "SharedKernel", "SharedKernel\SharedKernel\SharedKernel.csproj", "{B952A0D7-C629-4BC3-977B-A362054D9D31}"
EndProject
Project("{9A19103F-16F7-4668-BE54-9A1E7A4F7556}") = "ShiftService.Api", "ShiftService\Shift.Api\ShiftService.Api.csproj", "{9C5880E7-62D9-402B-B34B-E114AEE96797}"
EndProject
Project("{2150E333-8FDC-42A3-9474-1A3956D46DE8}") = "EmployeeService", "EmployeeService", "{3072FE74-73B5-4A42-8166-CDA58C1FB904}"
EndProject
Project("{2150E333-8FDC-42A3-9474-1A3956D46DE8}") = "ShiftService", "ShiftService", "{0B0D334A-BFB6-4D10-91DF-35B53E0D8B33}"
EndProject
Project("{9A19103F-16F7-4668-BE54-9A1E7A4F7556}") = "EmployeeService.Application", "EmployeeService\Employee.Application\EmployeeService.Application.csproj", "{BB46431B-E148-4709-826C-2E921CF4151F}"
EndProject
Project("{9A19103F-16F7-4668-BE54-9A1E7A4F7556}") = "EmployeeService.Domain", "EmployeeService\Employee.Domain\EmployeeService.Domain.csproj", "{B9ED6C97-1CD3-4E94-B956-5A913B129227}"
EndProject
Project("{9A19103F-16F7-4668-BE54-9A1E7A4F7556}") = "ShiftService.Application", "ShiftService\Shift.Application\ShiftService.Application.csproj", "{18750CDB-08BC-4449-9F97-A5D6D6009C0E}"
EndProject
Project("{9A19103F-16F7-4668-BE54-9A1E7A4F7556}") = "ShiftService.Domain", "ShiftService\Shift.Domain\ShiftService.Domain.csproj", "{ABE8BA27-6D15-44DF-B36D-5EA467E378C6}"
EndProject
Project("{2150E333-8FDC-42A3-9474-1A3956D46DE8}") = "Tests", "Tests", "{FD815758-D7A2-4E9B-8A46-F0046AF434EE}"
EndProject
Project("{9A19103F-16F7-4668-BE54-9A1E7A4F7556}") = "Shift.Tests", "ShiftService\Tests\Shift.Tests\Shift.Tests.csproj", "{69525325-DC86-4797-AA33-306540417451}"
EndProject
Project("{2150E333-8FDC-42A3-9474-1A3956D46DE8}") = "Tests", "Tests", "{AEFE7A85-B028-4052-8DEA-FD12114D1C6D}"
EndProject
Project("{9A19103F-16F7-4668-BE54-9A1E7A4F7556}") = "EmployeeService.Tests", "EmployeeService\Tests\Employee.Tests\EmployeeService.Tests.csproj", "{4AAFE441-1FED-4E8A-9DB0-E851D92CF557}"
EndProject
Project("{2150E333-8FDC-42A3-9474-1A3956D46DE8}") = "Shared", "Shared", "{C82B254F-6800-42A3-9E82-8B0EF7570B96}"
EndProject
Project("{2150E333-8FDC-42A3-9474-1A3956D46DE8}") = "Tests", "Tests", "{60277296-CDD9-4908-9A12-FAEC4D06E897}"
EndProject
Project("{9A19103F-16F7-4668-BE54-9A1E7A4F7556}") = "EmployeeService.Persistence", "EmployeeService\Employee.Persistence\EmployeeService.Persistence.csproj", "{4209DEBC-7EBF-4ABD-A685-F745C254FAE5}"
EndProject
Project("{9A19103F-16F7-4668-BE54-9A1E7A4F7556}") = "EmployeeService.Api", "EmployeeService\EmployeeService.Api\EmployeeService.Api.csproj", "{BA910DF4-24FD-481F-8B0A-3232D10B5DE0}"
EndProject
Project("{2150E333-8FDC-42A3-9474-1A3956D46DE8}") = "UserService", "UserService", "{25829512-2740-4D4D-A135-E439CF9A4C7C}"
EndProject
Project("{9A19103F-16F7-4668-BE54-9A1E7A4F7556}") = "ShiftService.Persistence", "ShiftService\Shift.Persistence\ShiftService.Persistence.csproj", "{4CB2A7AC-E334-430C-BEEE-81A7EECF8895}"
EndProject
Project("{FAE04EC0-301F-11D3-BF4B-00C04F79EFBC}") = "UserService.Domain", "UserService\UserService.Domain\UserService.Domain.csproj", "{F46FF541-480F-4FBE-989E-3462B1ABD5A2}"
EndProject
Project("{FAE04EC0-301F-11D3-BF4B-00C04F79EFBC}") = "UserService.Persistence", "UserService\UserService.Persistence\UserService.Persistence.csproj", "{A45845CC-A283-4AE2-9867-F9889E3B4E2E}"
EndProject
Project("{FAE04EC0-301F-11D3-BF4B-00C04F79EFBC}") = "UserService.Application", "UserService\UserService.Application\UserService.Application.csproj", "{47786354-81C8-473F-8982-E0FC08D5C6F9}"
EndProject
Global
	GlobalSection(SolutionConfigurationPlatforms) = preSolution
		Debug|Any CPU = Debug|Any CPU
		Release|Any CPU = Release|Any CPU
	EndGlobalSection
	GlobalSection(ProjectConfigurationPlatforms) = postSolution
		{B952A0D7-C629-4BC3-977B-A362054D9D31}.Debug|Any CPU.ActiveCfg = Debug|Any CPU
		{B952A0D7-C629-4BC3-977B-A362054D9D31}.Debug|Any CPU.Build.0 = Debug|Any CPU
		{B952A0D7-C629-4BC3-977B-A362054D9D31}.Release|Any CPU.ActiveCfg = Release|Any CPU
		{B952A0D7-C629-4BC3-977B-A362054D9D31}.Release|Any CPU.Build.0 = Release|Any CPU
		{9C5880E7-62D9-402B-B34B-E114AEE96797}.Debug|Any CPU.ActiveCfg = Debug|Any CPU
		{9C5880E7-62D9-402B-B34B-E114AEE96797}.Debug|Any CPU.Build.0 = Debug|Any CPU
		{9C5880E7-62D9-402B-B34B-E114AEE96797}.Release|Any CPU.ActiveCfg = Release|Any CPU
		{9C5880E7-62D9-402B-B34B-E114AEE96797}.Release|Any CPU.Build.0 = Release|Any CPU
		{BB46431B-E148-4709-826C-2E921CF4151F}.Debug|Any CPU.ActiveCfg = Debug|Any CPU
		{BB46431B-E148-4709-826C-2E921CF4151F}.Debug|Any CPU.Build.0 = Debug|Any CPU
		{BB46431B-E148-4709-826C-2E921CF4151F}.Release|Any CPU.ActiveCfg = Release|Any CPU
		{BB46431B-E148-4709-826C-2E921CF4151F}.Release|Any CPU.Build.0 = Release|Any CPU
		{B9ED6C97-1CD3-4E94-B956-5A913B129227}.Debug|Any CPU.ActiveCfg = Debug|Any CPU
		{B9ED6C97-1CD3-4E94-B956-5A913B129227}.Debug|Any CPU.Build.0 = Debug|Any CPU
		{B9ED6C97-1CD3-4E94-B956-5A913B129227}.Release|Any CPU.ActiveCfg = Release|Any CPU
		{B9ED6C97-1CD3-4E94-B956-5A913B129227}.Release|Any CPU.Build.0 = Release|Any CPU
		{18750CDB-08BC-4449-9F97-A5D6D6009C0E}.Debug|Any CPU.ActiveCfg = Debug|Any CPU
		{18750CDB-08BC-4449-9F97-A5D6D6009C0E}.Debug|Any CPU.Build.0 = Debug|Any CPU
		{18750CDB-08BC-4449-9F97-A5D6D6009C0E}.Release|Any CPU.ActiveCfg = Release|Any CPU
		{18750CDB-08BC-4449-9F97-A5D6D6009C0E}.Release|Any CPU.Build.0 = Release|Any CPU
		{ABE8BA27-6D15-44DF-B36D-5EA467E378C6}.Debug|Any CPU.ActiveCfg = Debug|Any CPU
		{ABE8BA27-6D15-44DF-B36D-5EA467E378C6}.Debug|Any CPU.Build.0 = Debug|Any CPU
		{ABE8BA27-6D15-44DF-B36D-5EA467E378C6}.Release|Any CPU.ActiveCfg = Release|Any CPU
		{ABE8BA27-6D15-44DF-B36D-5EA467E378C6}.Release|Any CPU.Build.0 = Release|Any CPU
		{69525325-DC86-4797-AA33-306540417451}.Debug|Any CPU.ActiveCfg = Debug|Any CPU
		{69525325-DC86-4797-AA33-306540417451}.Debug|Any CPU.Build.0 = Debug|Any CPU
		{69525325-DC86-4797-AA33-306540417451}.Release|Any CPU.ActiveCfg = Release|Any CPU
		{69525325-DC86-4797-AA33-306540417451}.Release|Any CPU.Build.0 = Release|Any CPU
		{4AAFE441-1FED-4E8A-9DB0-E851D92CF557}.Debug|Any CPU.ActiveCfg = Debug|Any CPU
		{4AAFE441-1FED-4E8A-9DB0-E851D92CF557}.Debug|Any CPU.Build.0 = Debug|Any CPU
		{4AAFE441-1FED-4E8A-9DB0-E851D92CF557}.Release|Any CPU.ActiveCfg = Release|Any CPU
		{4AAFE441-1FED-4E8A-9DB0-E851D92CF557}.Release|Any CPU.Build.0 = Release|Any CPU
		{4209DEBC-7EBF-4ABD-A685-F745C254FAE5}.Debug|Any CPU.ActiveCfg = Debug|Any CPU
		{4209DEBC-7EBF-4ABD-A685-F745C254FAE5}.Debug|Any CPU.Build.0 = Debug|Any CPU
		{4209DEBC-7EBF-4ABD-A685-F745C254FAE5}.Release|Any CPU.ActiveCfg = Release|Any CPU
		{4209DEBC-7EBF-4ABD-A685-F745C254FAE5}.Release|Any CPU.Build.0 = Release|Any CPU
		{BA910DF4-24FD-481F-8B0A-3232D10B5DE0}.Debug|Any CPU.ActiveCfg = Debug|Any CPU
		{BA910DF4-24FD-481F-8B0A-3232D10B5DE0}.Debug|Any CPU.Build.0 = Debug|Any CPU
		{BA910DF4-24FD-481F-8B0A-3232D10B5DE0}.Release|Any CPU.ActiveCfg = Release|Any CPU
		{BA910DF4-24FD-481F-8B0A-3232D10B5DE0}.Release|Any CPU.Build.0 = Release|Any CPU
		{4CB2A7AC-E334-430C-BEEE-81A7EECF8895}.Debug|Any CPU.ActiveCfg = Debug|Any CPU
		{4CB2A7AC-E334-430C-BEEE-81A7EECF8895}.Debug|Any CPU.Build.0 = Debug|Any CPU
		{4CB2A7AC-E334-430C-BEEE-81A7EECF8895}.Release|Any CPU.ActiveCfg = Release|Any CPU
		{4CB2A7AC-E334-430C-BEEE-81A7EECF8895}.Release|Any CPU.Build.0 = Release|Any CPU
		{F46FF541-480F-4FBE-989E-3462B1ABD5A2}.Debug|Any CPU.ActiveCfg = Debug|Any CPU
		{F46FF541-480F-4FBE-989E-3462B1ABD5A2}.Debug|Any CPU.Build.0 = Debug|Any CPU
		{F46FF541-480F-4FBE-989E-3462B1ABD5A2}.Release|Any CPU.ActiveCfg = Release|Any CPU
		{F46FF541-480F-4FBE-989E-3462B1ABD5A2}.Release|Any CPU.Build.0 = Release|Any CPU
		{A45845CC-A283-4AE2-9867-F9889E3B4E2E}.Debug|Any CPU.ActiveCfg = Debug|Any CPU
		{A45845CC-A283-4AE2-9867-F9889E3B4E2E}.Debug|Any CPU.Build.0 = Debug|Any CPU
		{A45845CC-A283-4AE2-9867-F9889E3B4E2E}.Release|Any CPU.ActiveCfg = Release|Any CPU
		{A45845CC-A283-4AE2-9867-F9889E3B4E2E}.Release|Any CPU.Build.0 = Release|Any CPU
		{47786354-81C8-473F-8982-E0FC08D5C6F9}.Debug|Any CPU.ActiveCfg = Debug|Any CPU
		{47786354-81C8-473F-8982-E0FC08D5C6F9}.Debug|Any CPU.Build.0 = Debug|Any CPU
		{47786354-81C8-473F-8982-E0FC08D5C6F9}.Release|Any CPU.ActiveCfg = Release|Any CPU
		{47786354-81C8-473F-8982-E0FC08D5C6F9}.Release|Any CPU.Build.0 = Release|Any CPU
	EndGlobalSection
	GlobalSection(SolutionProperties) = preSolution
		HideSolutionNode = FALSE
	EndGlobalSection
	GlobalSection(NestedProjects) = preSolution
		{B952A0D7-C629-4BC3-977B-A362054D9D31} = {C82B254F-6800-42A3-9E82-8B0EF7570B96}
		{9C5880E7-62D9-402B-B34B-E114AEE96797} = {0B0D334A-BFB6-4D10-91DF-35B53E0D8B33}
		{BB46431B-E148-4709-826C-2E921CF4151F} = {3072FE74-73B5-4A42-8166-CDA58C1FB904}
		{B9ED6C97-1CD3-4E94-B956-5A913B129227} = {3072FE74-73B5-4A42-8166-CDA58C1FB904}
		{18750CDB-08BC-4449-9F97-A5D6D6009C0E} = {0B0D334A-BFB6-4D10-91DF-35B53E0D8B33}
		{ABE8BA27-6D15-44DF-B36D-5EA467E378C6} = {0B0D334A-BFB6-4D10-91DF-35B53E0D8B33}
		{FD815758-D7A2-4E9B-8A46-F0046AF434EE} = {0B0D334A-BFB6-4D10-91DF-35B53E0D8B33}
		{69525325-DC86-4797-AA33-306540417451} = {FD815758-D7A2-4E9B-8A46-F0046AF434EE}
		{AEFE7A85-B028-4052-8DEA-FD12114D1C6D} = {3072FE74-73B5-4A42-8166-CDA58C1FB904}
		{4AAFE441-1FED-4E8A-9DB0-E851D92CF557} = {AEFE7A85-B028-4052-8DEA-FD12114D1C6D}
		{60277296-CDD9-4908-9A12-FAEC4D06E897} = {C82B254F-6800-42A3-9E82-8B0EF7570B96}
		{4209DEBC-7EBF-4ABD-A685-F745C254FAE5} = {3072FE74-73B5-4A42-8166-CDA58C1FB904}
		{BA910DF4-24FD-481F-8B0A-3232D10B5DE0} = {3072FE74-73B5-4A42-8166-CDA58C1FB904}
		{4CB2A7AC-E334-430C-BEEE-81A7EECF8895} = {0B0D334A-BFB6-4D10-91DF-35B53E0D8B33}
		{F46FF541-480F-4FBE-989E-3462B1ABD5A2} = {25829512-2740-4D4D-A135-E439CF9A4C7C}
		{A45845CC-A283-4AE2-9867-F9889E3B4E2E} = {25829512-2740-4D4D-A135-E439CF9A4C7C}
		{47786354-81C8-473F-8982-E0FC08D5C6F9} = {25829512-2740-4D4D-A135-E439CF9A4C7C}
	EndGlobalSection
	GlobalSection(ExtensibilityGlobals) = postSolution
		SolutionGuid = {70F9161F-837B-49BF-BEDD-521F6D50A7B9}
	EndGlobalSection
EndGlobal
