
Microsoft Visual Studio Solution File, Format Version 12.00
# Visual Studio Version 17
VisualStudioVersion = 17.5.33103.201
MinimumVisualStudioVersion = 10.0.40219.1
Project("{FAE04EC0-301F-11D3-BF4B-00C04F79EFBC}") = "Shift.Persistence", "Shift.Persistence.csproj", "{B7857F10-6D2C-47D6-A860-A85044E8D81E}"
EndProject
Global
	GlobalSection(SolutionConfigurationPlatforms) = preSolution
		Debug|Any CPU = Debug|Any CPU
		Release|Any CPU = Release|Any CPU
	EndGlobalSection
	GlobalSection(ProjectConfigurationPlatforms) = postSolution
		{B7857F10-6D2C-47D6-A860-A85044E8D81E}.Debug|Any CPU.ActiveCfg = Debug|Any CPU
		{B7857F10-6D2C-47D6-A860-A85044E8D81E}.Debug|Any CPU.Build.0 = Debug|Any CPU
		{B7857F10-6D2C-47D6-A860-A85044E8D81E}.Release|Any CPU.ActiveCfg = Release|Any CPU
		{B7857F10-6D2C-47D6-A860-A85044E8D81E}.Release|Any CPU.Build.0 = Release|Any CPU
	EndGlobalSection
	GlobalSection(SolutionProperties) = preSolution
		HideSolutionNode = FALSE
	EndGlobalSection
	GlobalSection(ExtensibilityGlobals) = postSolution
		SolutionGuid = {99DC3EC8-4DC3-4586-8A16-351E232AF0B9}
	EndGlobalSection
EndGlobal
